// !$*UTF8*$!
{
	archiveVersion = 1;
	classes = {
	};
	objectVersion = 48;
	objects = {

/* Begin PBXBuildFile section */
		6653CEFD1FDE1C950012F3F4 /* AppDelegate.m in Sources */ = {isa = PBXBuildFile; fileRef = 6653CEFC1FDE1C950012F3F4 /* AppDelegate.m */; };
		6653CF001FDE1C950012F3F4 /* ViewController.m in Sources */ = {isa = PBXBuildFile; fileRef = 6653CEFF1FDE1C950012F3F4 /* ViewController.m */; };
		6653CF031FDE1C950012F3F4 /* Main.storyboard in Resources */ = {isa = PBXBuildFile; fileRef = 6653CF011FDE1C950012F3F4 /* Main.storyboard */; };
		6653CF051FDE1C950012F3F4 /* Assets.xcassets in Resources */ = {isa = PBXBuildFile; fileRef = 6653CF041FDE1C950012F3F4 /* Assets.xcassets */; };
		6653CF081FDE1C950012F3F4 /* LaunchScreen.storyboard in Resources */ = {isa = PBXBuildFile; fileRef = 6653CF061FDE1C950012F3F4 /* LaunchScreen.storyboard */; };
		6653CF0B1FDE1C950012F3F4 /* main.m in Sources */ = {isa = PBXBuildFile; fileRef = 6653CF0A1FDE1C950012F3F4 /* main.m */; };
		6653CF131FDE1CA90012F3F4 /* MemberGradeView.m in Sources */ = {isa = PBXBuildFile; fileRef = 6653CF121FDE1CA90012F3F4 /* MemberGradeView.m */; };
/* End PBXBuildFile section */

/* Begin PBXFileReference section */
		6653CEF81FDE1C950012F3F4 /* ArcSliderView.app */ = {isa = PBXFileReference; explicitFileType = wrapper.application; includeInIndex = 0; path = ArcSliderView.app; sourceTree = BUILT_PRODUCTS_DIR; };
		6653CEFB1FDE1C950012F3F4 /* AppDelegate.h */ = {isa = PBXFileReference; lastKnownFileType = sourcecode.c.h; path = AppDelegate.h; sourceTree = "<group>"; };
		6653CEFC1FDE1C950012F3F4 /* AppDelegate.m */ = {isa = PBXFileReference; lastKnownFileType = sourcecode.c.objc; path = AppDelegate.m; sourceTree = "<group>"; };
		6653CEFE1FDE1C950012F3F4 /* ViewController.h */ = {isa = PBXFileReference; lastKnownFileType = sourcecode.c.h; path = ViewController.h; sourceTree = "<group>"; };
		6653CEFF1FDE1C950012F3F4 /* ViewController.m */ = {isa = PBXFileReference; lastKnownFileType = sourcecode.c.objc; path = ViewController.m; sourceTree = "<group>"; };
		6653CF021FDE1C950012F3F4 /* Base */ = {isa = PBXFileReference; lastKnownFileType = file.storyboard; name = Base; path = Base.lproj/Main.storyboard; sourceTree = "<group>"; };
		6653CF041FDE1C950012F3F4 /* Assets.xcassets */ = {isa = PBXFileReference; lastKnownFileType = folder.assetcatalog; path = Assets.xcassets; sourceTree = "<group>"; };
		6653CF071FDE1C950012F3F4 /* Base */ = {isa = PBXFileReference; lastKnownFileType = file.storyboard; name = Base; path = Base.lproj/LaunchScreen.storyboard; sourceTree = "<group>"; };
		6653CF091FDE1C950012F3F4 /* Info.plist */ = {isa = PBXFileReference; lastKnownFileType = text.plist.xml; path = Info.plist; sourceTree = "<group>"; };
		6653CF0A1FDE1C950012F3F4 /* main.m */ = {isa = PBXFileReference; lastKnownFileType = sourcecode.c.objc; path = main.m; sourceTree = "<group>"; };
		6653CF111FDE1CA90012F3F4 /* MemberGradeView.h */ = {isa = PBXFileReference; fileEncoding = 4; lastKnownFileType = sourcecode.c.h; path = MemberGradeView.h; sourceTree = "<group>"; };
		6653CF121FDE1CA90012F3F4 /* MemberGradeView.m */ = {isa = PBXFileReference; fileEncoding = 4; lastKnownFileType = sourcecode.c.objc; path = MemberGradeView.m; sourceTree = "<group>"; };
/* End PBXFileReference section */

/* Begin PBXFrameworksBuildPhase section */
		6653CEF51FDE1C950012F3F4 /* Frameworks */ = {
			isa = PBXFrameworksBuildPhase;
			buildActionMask = 2147483647;
			files = (
			);
			runOnlyForDeploymentPostprocessing = 0;
		};
/* End PBXFrameworksBuildPhase section */

/* Begin PBXGroup section */
		6653CEEF1FDE1C950012F3F4 = {
			isa = PBXGroup;
			children = (
				6653CEFA1FDE1C950012F3F4 /* ArcSliderView */,
				6653CEF91FDE1C950012F3F4 /* Products */,
			);
			sourceTree = "<group>";
		};
		6653CEF91FDE1C950012F3F4 /* Products */ = {
			isa = PBXGroup;
			children = (
				6653CEF81FDE1C950012F3F4 /* ArcSliderView.app */,
			);
			name = Products;
			sourceTree = "<group>";
		};
		6653CEFA1FDE1C950012F3F4 /* ArcSliderView */ = {
			isa = PBXGroup;
			children = (
				6653CEFB1FDE1C950012F3F4 /* AppDelegate.h */,
				6653CEFC1FDE1C950012F3F4 /* AppDelegate.m */,
				6653CEFE1FDE1C950012F3F4 /* ViewController.h */,
				6653CEFF1FDE1C950012F3F4 /* ViewController.m */,
				6653CF111FDE1CA90012F3F4 /* MemberGradeView.h */,
				6653CF121FDE1CA90012F3F4 /* MemberGradeView.m */,
				6653CF011FDE1C950012F3F4 /* Main.storyboard */,
				6653CF041FDE1C950012F3F4 /* Assets.xcassets */,
				6653CF061FDE1C950012F3F4 /* LaunchScreen.storyboard */,
				6653CF091FDE1C950012F3F4 /* Info.plist */,
				6653CF0A1FDE1C950012F3F4 /* main.m */,
			);
			path = ArcSliderView;
			sourceTree = "<group>";
		};
/* End PBXGroup section */

/* Begin PBXNativeTarget section */
		6653CEF71FDE1C950012F3F4 /* ArcSliderView */ = {
			isa = PBXNativeTarget;
			buildConfigurationList = 6653CF0E1FDE1C950012F3F4 /* Build configuration list for PBXNativeTarget "ArcSliderView" */;
			buildPhases = (
				6653CEF41FDE1C950012F3F4 /* Sources */,
				6653CEF51FDE1C950012F3F4 /* Frameworks */,
				6653CEF61FDE1C950012F3F4 /* Resources */,
			);
			buildRules = (
			);
			dependencies = (
			);
			name = ArcSliderView;
			productName = ArcSliderView;
			productReference = 6653CEF81FDE1C950012F3F4 /* ArcSliderView.app */;
			productType = "com.apple.product-type.application";
		};
/* End PBXNativeTarget section */

/* Begin PBXProject section */
		6653CEF01FDE1C950012F3F4 /* Project object */ = {
			isa = PBXProject;
			attributes = {
				LastUpgradeCheck = 0920;
				ORGANIZATIONNAME = ccdc;
				TargetAttributes = {
					6653CEF71FDE1C950012F3F4 = {
						CreatedOnToolsVersion = 9.2;
						ProvisioningStyle = Automatic;
					};
				};
			};
			buildConfigurationList = 6653CEF31FDE1C950012F3F4 /* Build configuration list for PBXProject "ArcSliderView" */;
			compatibilityVersion = "Xcode 8.0";
			developmentRegion = en;
			hasScannedForEncodings = 0;
			knownRegions = (
				en,
				Base,
			);
			mainGroup = 6653CEEF1FDE1C950012F3F4;
			productRefGroup = 6653CEF91FDE1C950012F3F4 /* Products */;
			projectDirPath = "";
			projectRoot = "";
			targets = (
				6653CEF71FDE1C950012F3F4 /* ArcSliderView */,
			);
		};
/* End PBXProject section */

/* Begin PBXResourcesBuildPhase section */
		6653CEF61FDE1C950012F3F4 /* Resources */ = {
			isa = PBXResourcesBuildPhase;
			buildActionMask = 2147483647;
			files = (
				6653CF081FDE1C950012F3F4 /* LaunchScreen.storyboard in Resources */,
				6653CF051FDE1C950012F3F4 /* Assets.xcassets in Resources */,
				6653CF031FDE1C950012F3F4 /* Main.storyboard in Resources */,
			);
			runOnlyForDeploymentPostprocessing = 0;
		};
/* End PBXResourcesBuildPhase section */

/* Begin PBXSourcesBuildPhase section */
		6653CEF41FDE1C950012F3F4 /* Sources */ = {
			isa = PBXSourcesBuildPhase;
			buildActionMask = 2147483647;
			files = (
				6653CF001FDE1C950012F3F4 /* ViewController.m in Sources */,
				6653CF0B1FDE1C950012F3F4 /* main.m in Sources */,
				6653CF131FDE1CA90012F3F4 /* MemberGradeView.m in Sources */,
				6653CEFD1FDE1C950012F3F4 /* AppDelegate.m in Sources */,
			);
			runOnlyForDeploymentPostprocessing = 0;
		};
/* End PBXSourcesBuildPhase section */

/* Begin PBXVariantGroup section */
		6653CF011FDE1C950012F3F4 /* Main.storyboard */ = {
			isa = PBXVariantGroup;
			children = (
				6653CF021FDE1C950012F3F4 /* Base */,
			);
			name = Main.storyboard;
			sourceTree = "<group>";
		};
		6653CF061FDE1C950012F3F4 /* LaunchScreen.storyboard */ = {
			isa = PBXVariantGroup;
			children = (
				6653CF071FDE1C950012F3F4 /* Base */,
			);
			name = LaunchScreen.storyboard;
			sourceTree = "<group>";
		};
/* End PBXVariantGroup section */

/* Begin XCBuildConfiguration section */
		6653CF0C1FDE1C950012F3F4 /* Debug */ = {
			isa = XCBuildConfiguration;
			buildSettings = {
				ALWAYS_SEARCH_USER_PATHS = NO;
				CLANG_ANALYZER_NONNULL = YES;
				CLANG_ANALYZER_NUMBER_OBJECT_CONVERSION = YES_AGGRESSIVE;
				CLANG_CXX_LANGUAGE_STANDARD = "gnu++14";
				CLANG_CXX_LIBRARY = "libc++";
				CLANG_ENABLE_MODULES = YES;
				CLANG_ENABLE_OBJC_ARC = YES;
				CLANG_WARN_BLOCK_CAPTURE_AUTORELEASING = YES;
				CLANG_WARN_BOOL_CONVERSION = YES;
				CLANG_WARN_COMMA = YES;
				CLANG_WARN_CONSTANT_CONVERSION = YES;
				CLANG_WARN_DIRECT_OBJC_ISA_USAGE = YES_ERROR;
				CLANG_WARN_DOCUMENTATION_COMMENTS = YES;
				CLANG_WARN_EMPTY_BODY = YES;
				CLANG_WARN_ENUM_CONVERSION = YES;
				CLANG_WARN_INFINITE_RECURSION = YES;
				CLANG_WARN_INT_CONVERSION = YES;
				CLANG_WARN_NON_LITERAL_NULL_CONVERSION = YES;
				CLANG_WARN_OBJC_LITERAL_CONVERSION = YES;
				CLANG_WARN_OBJC_ROOT_CLASS = YES_ERROR;
				CLANG_WARN_RANGE_LOOP_ANALYSIS = YES;
				CLANG_WARN_STRICT_PROTOTYPES = YES;
				CLANG_WARN_SUSPICIOUS_MOVE = YES;
				CLANG_WARN_UNGUARDED_AVAILABILITY = YES_AGGRESSIVE;
				CLANG_WARN_UNREACHABLE_CODE = YES;
				CLANG_WARN__DUPLICATE_METHOD_MATCH = YES;
				CODE_SIGN_IDENTITY = "iPhone Developer";
				COPY_PHASE_STRIP = NO;
				DEBUG_INFORMATION_FORMAT = dwarf;
				ENABLE_STRICT_OBJC_MSGSEND = YES;
				ENABLE_TESTABILITY = YES;
				GCC_C_LANGUAGE_STANDARD = gnu11;
				GCC_DYNAMIC_NO_PIC = NO;
				GCC_NO_COMMON_BLOCKS = YES;
				GCC_OPTIMIZATION_LEVEL = 0;
				GCC_PREPROCESSOR_DEFINITIONS = (
					"DEBUG=1",
					"$(inherited)",
				);
				GCC_WARN_64_TO_32_BIT_CONVERSION = YES;
				GCC_WARN_ABOUT_RETURN_TYPE = YES_ERROR;
				GCC_WARN_UNDECLARED_SELECTOR = YES;
				GCC_WARN_UNINITIALIZED_AUTOS = YES_AGGRESSIVE;
				GCC_WARN_UNUSED_FUNCTION = YES;
				GCC_WARN_UNUSED_VARIABLE = YES;
				IPHONEOS_DEPLOYMENT_TARGET = 11.2;
				MTL_ENABLE_DEBUG_INFO = YES;
				ONLY_ACTIVE_ARCH = YES;
				SDKROOT = iphoneos;
			};
			name = Debug;
		};
		6653CF0D1FDE1C950012F3F4 /* Release */ = {
			isa = XCBuildConfiguration;
			buildSettings = {
				ALWAYS_SEARCH_USER_PATHS = NO;
				CLANG_ANALYZER_NONNULL = YES;
				CLANG_ANALYZER_NUMBER_OBJECT_CONVERSION = YES_AGGRESSIVE;
				CLANG_CXX_LANGUAGE_STANDARD = "gnu++14";
				CLANG_CXX_LIBRARY = "libc++";
				CLANG_ENABLE_MODULES = YES;
				CLANG_ENABLE_OBJC_ARC = YES;
				CLANG_WARN_BLOCK_CAPTURE_AUTORELEASING = YES;
				CLANG_WARN_BOOL_CONVERSION = YES;
				CLANG_WARN_COMMA = YES;
				CLANG_WARN_CONSTANT_CONVERSION = YES;
				CLANG_WARN_DIRECT_OBJC_ISA_USAGE = YES_ERROR;
				CLANG_WARN_DOCUMENTATION_COMMENTS = YES;
				CLANG_WARN_EMPTY_BODY = YES;
				CLANG_WARN_ENUM_CONVERSION = YES;
				CLANG_WARN_INFINITE_RECURSION = YES;
				CLANG_WARN_INT_CONVERSION = YES;
				CLANG_WARN_NON_LITERAL_NULL_CONVERSION = YES;
				CLANG_WARN_OBJC_LITERAL_CONVERSION = YES;
				CLANG_WARN_OBJC_ROOT_CLASS = YES_ERROR;
				CLANG_WARN_RANGE_LOOP_ANALYSIS = YES;
				CLANG_WARN_STRICT_PROTOTYPES = YES;
				CLANG_WARN_SUSPICIOUS_MOVE = YES;
				CLANG_WARN_UNGUARDED_AVAILABILITY = YES_AGGRESSIVE;
				CLANG_WARN_UNREACHABLE_CODE = YES;
				CLANG_WARN__DUPLICATE_METHOD_MATCH = YES;
				CODE_SIGN_IDENTITY = "iPhone Developer";
				COPY_PHASE_STRIP = NO;
				DEBUG_INFORMATION_FORMAT = "dwarf-with-dsym";
				ENABLE_NS_ASSERTIONS = NO;
				ENABLE_STRICT_OBJC_MSGSEND = YES;
				GCC_C_LANGUAGE_STANDARD = gnu11;
				GCC_NO_COMMON_BLOCKS = YES;
				GCC_WARN_64_TO_32_BIT_CONVERSION = YES;
				GCC_WARN_ABOUT_RETURN_TYPE = YES_ERROR;
				GCC_WARN_UNDECLARED_SELECTOR = YES;
				GCC_WARN_UNINITIALIZED_AUTOS = YES_AGGRESSIVE;
				GCC_WARN_UNUSED_FUNCTION = YES;
				GCC_WARN_UNUSED_VARIABLE = YES;
				IPHONEOS_DEPLOYMENT_TARGET = 11.2;
				MTL_ENABLE_DEBUG_INFO = NO;
				SDKROOT = iphoneos;
				VALIDATE_PRODUCT = YES;
			};
			name = Release;
		};
		6653CF0F1FDE1C950012F3F4 /* Debug */ = {
			isa = XCBuildConfiguration;
			buildSettings = {
				ASSETCATALOG_COMPILER_APPICON_NAME = AppIcon;
				CODE_SIGN_STYLE = Automatic;
				DEVELOPMENT_TEAM = 33USAS7KQX;
				INFOPLIST_FILE = ArcSliderView/Info.plist;
				IPHONEOS_DEPLOYMENT_TARGET = 9.0;
				LD_RUNPATH_SEARCH_PATHS = "$(inherited) @executable_path/Frameworks";
				PRODUCT_BUNDLE_IDENTIFIER = cn.leo.ArcSliderView;
				PRODUCT_NAME = "$(TARGET_NAME)";
				TARGETED_DEVICE_FAMILY = "1,2";
			};
			name = Debug;
		};
		6653CF101FDE1C950012F3F4 /* Release */ = {
			isa = XCBuildConfiguration;
			buildSettings = {
				ASSETCATALOG_COMPILER_APPICON_NAME = AppIcon;
				CODE_SIGN_STYLE = Automatic;
				DEVELOPMENT_TEAM = 33USAS7KQX;
				INFOPLIST_FILE = ArcSliderView/Info.plist;
				IPHONEOS_DEPLOYMENT_TARGET = 9.0;
				LD_RUNPATH_SEARCH_PATHS = "$(inherited) @executable_path/Frameworks";
				PRODUCT_BUNDLE_IDENTIFIER = cn.leo.ArcSliderView;
				PRODUCT_NAME = "$(TARGET_NAME)";
				TARGETED_DEVICE_FAMILY = "1,2";
			};
			name = Release;
		};
/* End XCBuildConfiguration section */

/* Begin XCConfigurationList section */
		6653CEF31FDE1C950012F3F4 /* Build configuration list for PBXProject "ArcSliderView" */ = {
			isa = XCConfigurationList;
			buildConfigurations = (
				6653CF0C1FDE1C950012F3F4 /* Debug */,
				6653CF0D1FDE1C950012F3F4 /* Release */,
			);
			defaultConfigurationIsVisible = 0;
			defaultConfigurationName = Release;
		};
		6653CF0E1FDE1C950012F3F4 /* Build configuration list for PBXNativeTarget "ArcSliderView" */ = {
			isa = XCConfigurationList;
			buildConfigurations = (
				6653CF0F1FDE1C950012F3F4 /* Debug */,
				6653CF101FDE1C950012F3F4 /* Release */,
			);
			defaultConfigurationIsVisible = 0;
			defaultConfigurationName = Release;
		};
/* End XCConfigurationList section */
	};
	rootObject = 6653CEF01FDE1C950012F3F4 /* Project object */;
}
